{
  "name": "js-animation",
  "version": "1.0.0",
  "lockfileVersion": 1,
  "requires": true,
  "dependencies": {
    "delegate": {
      "version": "3.1.3",
      "resolved": "https://registry.npmjs.org/delegate/-/delegate-3.1.3.tgz",
      "integrity": "sha1-moJRp3fXAl+qVXN7w7BxdCEnqf0="
    },
    "opencollective-postinstall": {
      "version": "2.0.3",
      "resolved": "https://registry.npmjs.org/opencollective-postinstall/-/opencollective-postinstall-2.0.3.tgz",
      "integrity": "sha512-8AV/sCtuzUeTo8gQK5qDZzARrulB3egtLzFgteqB2tcT4Mw7B8Kt7JcDHmltjz6FOAHsvTevk70gZEbhM4ZS9Q=="
    },
    "swup": {
      "version": "2.0.11",
      "resolved": "https://registry.npmjs.org/swup/-/swup-2.0.11.tgz",
      "integrity": "sha512-HqM1MhOpZB9G23l26un051j7TwHCs2Y/dY0Hk+eiPNhxhyD3CmHDhq0cNkhp//2sF6zODBfv4O/wo/WpXKzcNg==",
      "requires": {
        "delegate": "3.1.3",
        "opencollective-postinstall": "^2.0.2"
      }
    }
  }
}
